# THIS IS AN AUTOGENERATED FILE. DO NOT EDIT THIS FILE DIRECTLY.
# yarn lockfile v1


"@react-native-ui-components/prettier-config@^1.0.0":
  version "1.0.0"
  resolved "https://registry.yarnpkg.com/@react-native-ui-components/prettier-config/-/prettier-config-1.0.0.tgz#dec9b1865670a27c6ebfaf77ae29c8125ddfaddf"
  integrity sha512-jLFSO3XmTvOay3SFx63jPtk3mjrxYG9ZAZjUMta1qdqzxlA5i3A64c9tsVWgMYrrnDpNk/2ekxzqV0pX1Bd2TQ==

prettier@^3.0.2:
  version "3.0.2"
  resolved "https://registry.yarnpkg.com/prettier/-/prettier-3.0.2.tgz#78fcecd6d870551aa5547437cdae39d4701dca5b"
  integrity sha512-o2YR9qtniXvwEZlOKbveKfDQVyqxbEIWn48Z8m3ZJjBjcCmUy3xZGIv+7AkaeuaTr6yPXJjwv07ZWlsWbEy1rQ==
