# THIS IS AN AUTOGENERATED FILE. DO NOT EDIT THIS FILE DIRECTLY.
# yarn lockfile v1


"@react-native-ui-components/prettier-config@^1.0.0":
  version "1.0.0"
  resolved "https://registry.yarnpkg.com/@react-native-ui-components/prettier-config/-/prettier-config-1.0.0.tgz#dec9b1865670a27c6ebfaf77ae29c8125ddfaddf"
  integrity sha512-jLFSO3XmTvOay3SFx63jPtk3mjrxYG9ZAZjUMta1qdqzxlA5i3A64c9tsVWgMYrrnDpNk/2ekxzqV0pX1Bd2TQ==

prettier@^3.2.5:
  version "3.2.5"
  resolved "https://registry.yarnpkg.com/prettier/-/prettier-3.2.5.tgz#e52bc3090586e824964a8813b09aba6233b28368"
  integrity sha512-3/GWa9aOC0YeD7LUfvOG2NiDyhOWRvt1k+rcKhOuYnMY24iiCphgneUfJDyFXd6rZCAnuLBv6UeAULtrhT/F4A==
